
- block:
    users:

      [Edge.Edge ...]:                        [Node]

      followers:                              [user]
      following:                              [user]
      user_feed.authors:                      [user1, user2]
      user_feed.likers:                       [user1, user2]
      user_feed.commenters:                   [user1, user2]

      geotag_feed.authors:                    [geotag1, geotag2]
      geotag_feed.likers:                     [geotag1, geotag2]
      geotag_feed.commenters:                 [geotag1, geotag2]


      hashtag_feed.author:                    [tag1, tag2]
      hashtag_feed.likers:                    [tag1, tag2]
      hashtag_feed.commenters:                [tag1, tag2]

      usertags:                               [media1, media2]
      commenters:                             [media1, media2]
      geotag_feed.likers.followers.following: []
